<?xml version="1.0" encoding="utf-8"?>
<Project ToolsVersion="16.0" xmlns="http://schemas.microsoft.com/developer/msbuild/2003">
  <ItemGroup>
    <ClCompile Include="G:\UnityGraphics\vulkan\VulkanStudy\vk_mini_path_tracer\cmake_build\shared_sources\CMakeFiles\shared_sources.dir\cmake_pch.cxx">
      <Filter>Source Files</Filter>
    </ClCompile>
    <ClCompile Include="G:\UnityGraphics\vulkan\VulkanStudy\shared_sources\nvh\appwindowprofiler.cpp">
      <Filter>nvh</Filter>
    </ClCompile>
    <ClCompile Include="G:\UnityGraphics\vulkan\VulkanStudy\shared_sources\nvh\bitarray.cpp">
      <Filter>nvh</Filter>
    </ClCompile>
    <ClCompile Include="G:\UnityGraphics\vulkan\VulkanStudy\shared_sources\nvh\cameramanipulator.cpp">
      <Filter>nvh</Filter>
    </ClCompile>
    <ClCompile Include="G:\UnityGraphics\vulkan\VulkanStudy\shared_sources\nvh\filemapping.cpp">
      <Filter>nvh</Filter>
    </ClCompile>
    <ClCompile Include="G:\UnityGraphics\vulkan\VulkanStudy\shared_sources\nvh\gltfscene.cpp">
      <Filter>nvh</Filter>
    </ClCompile>
    <ClCompile Include="G:\UnityGraphics\vulkan\VulkanStudy\shared_sources\nvh\nvprint.cpp">
      <Filter>nvh</Filter>
    </ClCompile>
    <ClCompile Include="G:\UnityGraphics\vulkan\VulkanStudy\shared_sources\nvh\parametertools.cpp">
      <Filter>nvh</Filter>
    </ClCompile>
    <ClCompile Include="G:\UnityGraphics\vulkan\VulkanStudy\shared_sources\nvh\profiler.cpp">
      <Filter>nvh</Filter>
    </ClCompile>
    <ClCompile Include="G:\UnityGraphics\vulkan\VulkanStudy\shared_sources\nvh\shaderfilemanager.cpp">
      <Filter>nvh</Filter>
    </ClCompile>
    <ClCompile Include="G:\UnityGraphics\vulkan\VulkanStudy\shared_sources\noise\noise1234.cpp">
      <Filter>noise</Filter>
    </ClCompile>
    <ClCompile Include="G:\UnityGraphics\vulkan\VulkanStudy\shared_sources\fileformats\cadscenefile.cpp">
      <Filter>fileformats</Filter>
    </ClCompile>
    <ClCompile Include="G:\UnityGraphics\vulkan\VulkanStudy\shared_sources\fileformats\cgltf.cpp">
      <Filter>fileformats</Filter>
    </ClCompile>
    <ClCompile Include="G:\UnityGraphics\vulkan\VulkanStudy\shared_sources\fileformats\nv_dds.cpp">
      <Filter>fileformats</Filter>
    </ClCompile>
    <ClCompile Include="G:\UnityGraphics\vulkan\VulkanStudy\shared_sources\nvpwindow.cpp">
      <Filter>nvp</Filter>
    </ClCompile>
    <ClCompile Include="G:\UnityGraphics\vulkan\VulkanStudy\shared_sources\nvpsystem.cpp">
      <Filter>nvp</Filter>
    </ClCompile>
    <ClCompile Include="G:\UnityGraphics\vulkan\VulkanStudy\shared_sources\nvpsystem_win32.cpp">
      <Filter>nvp</Filter>
    </ClCompile>
    <ClCompile Include="G:\UnityGraphics\vulkan\VulkanStudy\shared_sources\nvvk\allocator_dma_vkgl.cpp">
      <Filter>nvvk</Filter>
    </ClCompile>
    <ClCompile Include="G:\UnityGraphics\vulkan\VulkanStudy\shared_sources\nvvk\appwindowprofiler_vk.cpp">
      <Filter>nvvk</Filter>
    </ClCompile>
    <ClCompile Include="G:\UnityGraphics\vulkan\VulkanStudy\shared_sources\nvvk\commands_vk.cpp">
      <Filter>nvvk</Filter>
    </ClCompile>
    <ClCompile Include="G:\UnityGraphics\vulkan\VulkanStudy\shared_sources\nvvk\context_vk.cpp">
      <Filter>nvvk</Filter>
    </ClCompile>
    <ClCompile Include="G:\UnityGraphics\vulkan\VulkanStudy\shared_sources\nvvk\debug_util_vk.cpp">
      <Filter>nvvk</Filter>
    </ClCompile>
    <ClCompile Include="G:\UnityGraphics\vulkan\VulkanStudy\shared_sources\nvvk\descriptorsets_vk.cpp">
      <Filter>nvvk</Filter>
    </ClCompile>
    <ClCompile Include="G:\UnityGraphics\vulkan\VulkanStudy\shared_sources\nvvk\error_vk.cpp">
      <Filter>nvvk</Filter>
    </ClCompile>
    <ClCompile Include="G:\UnityGraphics\vulkan\VulkanStudy\shared_sources\nvvk\extensions_vk.cpp">
      <Filter>nvvk</Filter>
    </ClCompile>
    <ClCompile Include="G:\UnityGraphics\vulkan\VulkanStudy\shared_sources\nvvk\gizmos_vk.cpp">
      <Filter>nvvk</Filter>
    </ClCompile>
    <ClCompile Include="G:\UnityGraphics\vulkan\VulkanStudy\shared_sources\nvvk\images_vk.cpp">
      <Filter>nvvk</Filter>
    </ClCompile>
    <ClCompile Include="G:\UnityGraphics\vulkan\VulkanStudy\shared_sources\nvvk\memorymanagement_vk.cpp">
      <Filter>nvvk</Filter>
    </ClCompile>
    <ClCompile Include="G:\UnityGraphics\vulkan\VulkanStudy\shared_sources\nvvk\memorymanagement_vkgl.cpp">
      <Filter>nvvk</Filter>
    </ClCompile>
    <ClCompile Include="G:\UnityGraphics\vulkan\VulkanStudy\shared_sources\nvvk\pipeline_vk.cpp">
      <Filter>nvvk</Filter>
    </ClCompile>
    <ClCompile Include="G:\UnityGraphics\vulkan\VulkanStudy\shared_sources\nvvk\profiler_vk.cpp">
      <Filter>nvvk</Filter>
    </ClCompile>
    <ClCompile Include="G:\UnityGraphics\vulkan\VulkanStudy\shared_sources\nvvk\renderpasses_vk.cpp">
      <Filter>nvvk</Filter>
    </ClCompile>
    <ClCompile Include="G:\UnityGraphics\vulkan\VulkanStudy\shared_sources\nvvk\samplers_vk.cpp">
      <Filter>nvvk</Filter>
    </ClCompile>
    <ClCompile Include="G:\UnityGraphics\vulkan\VulkanStudy\shared_sources\nvvk\shadermodulemanager_vk.cpp">
      <Filter>nvvk</Filter>
    </ClCompile>
    <ClCompile Include="G:\UnityGraphics\vulkan\VulkanStudy\shared_sources\nvvk\swapchain_vk.cpp">
      <Filter>nvvk</Filter>
    </ClCompile>
  </ItemGroup>
  <ItemGroup>
    <ClInclude Include="G:\UnityGraphics\vulkan\VulkanStudy\shared_sources\nvh\alignment.hpp">
      <Filter>nvh</Filter>
    </ClInclude>
    <ClInclude Include="G:\UnityGraphics\vulkan\VulkanStudy\shared_sources\nvh\appwindowcamerainertia.hpp">
      <Filter>nvh</Filter>
    </ClInclude>
    <ClInclude Include="G:\UnityGraphics\vulkan\VulkanStudy\shared_sources\nvh\appwindowprofiler.hpp">
      <Filter>nvh</Filter>
    </ClInclude>
    <ClInclude Include="G:\UnityGraphics\vulkan\VulkanStudy\shared_sources\nvh\bitarray.hpp">
      <Filter>nvh</Filter>
    </ClInclude>
    <ClInclude Include="G:\UnityGraphics\vulkan\VulkanStudy\shared_sources\nvh\cameracontrol.hpp">
      <Filter>nvh</Filter>
    </ClInclude>
    <ClInclude Include="G:\UnityGraphics\vulkan\VulkanStudy\shared_sources\nvh\camerainertia.hpp">
      <Filter>nvh</Filter>
    </ClInclude>
    <ClInclude Include="G:\UnityGraphics\vulkan\VulkanStudy\shared_sources\nvh\cameramanipulator.hpp">
      <Filter>nvh</Filter>
    </ClInclude>
    <ClInclude Include="G:\UnityGraphics\vulkan\VulkanStudy\shared_sources\nvh\filemapping.hpp">
      <Filter>nvh</Filter>
    </ClInclude>
    <ClInclude Include="G:\UnityGraphics\vulkan\VulkanStudy\shared_sources\nvh\fileoperations.hpp">
      <Filter>nvh</Filter>
    </ClInclude>
    <ClInclude Include="G:\UnityGraphics\vulkan\VulkanStudy\shared_sources\nvh\geometry.hpp">
      <Filter>nvh</Filter>
    </ClInclude>
    <ClInclude Include="G:\UnityGraphics\vulkan\VulkanStudy\shared_sources\nvh\gltfscene.hpp">
      <Filter>nvh</Filter>
    </ClInclude>
    <ClInclude Include="G:\UnityGraphics\vulkan\VulkanStudy\shared_sources\nvh\inputparser.h">
      <Filter>nvh</Filter>
    </ClInclude>
    <ClInclude Include="G:\UnityGraphics\vulkan\VulkanStudy\shared_sources\nvh\misc.hpp">
      <Filter>nvh</Filter>
    </ClInclude>
    <ClInclude Include="G:\UnityGraphics\vulkan\VulkanStudy\shared_sources\nvh\nsightevents.h">
      <Filter>nvh</Filter>
    </ClInclude>
    <ClInclude Include="G:\UnityGraphics\vulkan\VulkanStudy\shared_sources\nvh\nvprint.hpp">
      <Filter>nvh</Filter>
    </ClInclude>
    <ClInclude Include="G:\UnityGraphics\vulkan\VulkanStudy\shared_sources\nvh\parametertools.hpp">
      <Filter>nvh</Filter>
    </ClInclude>
    <ClInclude Include="G:\UnityGraphics\vulkan\VulkanStudy\shared_sources\nvh\profiler.hpp">
      <Filter>nvh</Filter>
    </ClInclude>
    <ClInclude Include="G:\UnityGraphics\vulkan\VulkanStudy\shared_sources\nvh\radixsort.hpp">
      <Filter>nvh</Filter>
    </ClInclude>
    <ClInclude Include="G:\UnityGraphics\vulkan\VulkanStudy\shared_sources\nvh\shaderfilemanager.hpp">
      <Filter>nvh</Filter>
    </ClInclude>
    <ClInclude Include="G:\UnityGraphics\vulkan\VulkanStudy\shared_sources\nvh\timesampler.hpp">
      <Filter>nvh</Filter>
    </ClInclude>
    <ClInclude Include="G:\UnityGraphics\vulkan\VulkanStudy\shared_sources\nvh\trangeallocator.hpp">
      <Filter>nvh</Filter>
    </ClInclude>
    <ClInclude Include="G:\UnityGraphics\vulkan\VulkanStudy\shared_sources\nvmath\nvmath.h">
      <Filter>nvmath</Filter>
    </ClInclude>
    <ClInclude Include="G:\UnityGraphics\vulkan\VulkanStudy\shared_sources\nvmath\nvmath.inl">
      <Filter>nvmath</Filter>
    </ClInclude>
    <ClInclude Include="G:\UnityGraphics\vulkan\VulkanStudy\shared_sources\nvmath\nvmath_glsltypes.h">
      <Filter>nvmath</Filter>
    </ClInclude>
    <ClInclude Include="G:\UnityGraphics\vulkan\VulkanStudy\shared_sources\nvmath\nvmath_hlsltypes.h">
      <Filter>nvmath</Filter>
    </ClInclude>
    <ClInclude Include="G:\UnityGraphics\vulkan\VulkanStudy\shared_sources\nvmath\nvmath_types.h">
      <Filter>nvmath</Filter>
    </ClInclude>
    <ClInclude Include="G:\UnityGraphics\vulkan\VulkanStudy\shared_sources\noise\mersennetwister1.h">
      <Filter>noise</Filter>
    </ClInclude>
    <ClInclude Include="G:\UnityGraphics\vulkan\VulkanStudy\shared_sources\noise\noise1234.h">
      <Filter>noise</Filter>
    </ClInclude>
    <ClInclude Include="G:\UnityGraphics\vulkan\VulkanStudy\shared_sources\fileformats\bmp.hpp">
      <Filter>fileformats</Filter>
    </ClInclude>
    <ClInclude Include="G:\UnityGraphics\vulkan\VulkanStudy\shared_sources\fileformats\cadscenefile.h">
      <Filter>fileformats</Filter>
    </ClInclude>
    <ClInclude Include="G:\UnityGraphics\vulkan\VulkanStudy\shared_sources\fileformats\cgltf.h">
      <Filter>fileformats</Filter>
    </ClInclude>
    <ClInclude Include="G:\UnityGraphics\vulkan\VulkanStudy\shared_sources\fileformats\json.hpp">
      <Filter>fileformats</Filter>
    </ClInclude>
    <ClInclude Include="G:\UnityGraphics\vulkan\VulkanStudy\shared_sources\fileformats\nv_dds.h">
      <Filter>fileformats</Filter>
    </ClInclude>
    <ClInclude Include="G:\UnityGraphics\vulkan\VulkanStudy\shared_sources\fileformats\stb_image.h">
      <Filter>fileformats</Filter>
    </ClInclude>
    <ClInclude Include="G:\UnityGraphics\vulkan\VulkanStudy\shared_sources\fileformats\stb_image_write.h">
      <Filter>fileformats</Filter>
    </ClInclude>
    <ClInclude Include="G:\UnityGraphics\vulkan\VulkanStudy\shared_sources\fileformats\tiny_gltf.h">
      <Filter>fileformats</Filter>
    </ClInclude>
    <ClInclude Include="G:\UnityGraphics\vulkan\VulkanStudy\shared_sources\fileformats\tiny_gltf_freeimage.h">
      <Filter>fileformats</Filter>
    </ClInclude>
    <ClInclude Include="G:\UnityGraphics\vulkan\VulkanStudy\shared_sources\fileformats\tiny_obj_loader.h">
      <Filter>fileformats</Filter>
    </ClInclude>
    <ClInclude Include="G:\UnityGraphics\vulkan\VulkanStudy\shared_sources\nvpwindow.hpp">
      <Filter>nvp</Filter>
    </ClInclude>
    <ClInclude Include="G:\UnityGraphics\vulkan\VulkanStudy\shared_sources\nvpsystem.hpp">
      <Filter>nvp</Filter>
    </ClInclude>
    <ClInclude Include="G:\UnityGraphics\vulkan\VulkanStudy\shared_sources\nvvk\allocator_dedicated_vk.hpp">
      <Filter>nvvk</Filter>
    </ClInclude>
    <ClInclude Include="G:\UnityGraphics\vulkan\VulkanStudy\shared_sources\nvvk\allocator_dma_vk.hpp">
      <Filter>nvvk</Filter>
    </ClInclude>
    <ClInclude Include="G:\UnityGraphics\vulkan\VulkanStudy\shared_sources\nvvk\allocator_dma_vkgl.hpp">
      <Filter>nvvk</Filter>
    </ClInclude>
    <ClInclude Include="G:\UnityGraphics\vulkan\VulkanStudy\shared_sources\nvvk\allocator_vk.hpp">
      <Filter>nvvk</Filter>
    </ClInclude>
    <ClInclude Include="G:\UnityGraphics\vulkan\VulkanStudy\shared_sources\nvvk\allocator_vma_vk.hpp">
      <Filter>nvvk</Filter>
    </ClInclude>
    <ClInclude Include="G:\UnityGraphics\vulkan\VulkanStudy\shared_sources\nvvk\appbase_vkpp.hpp">
      <Filter>nvvk</Filter>
    </ClInclude>
    <ClInclude Include="G:\UnityGraphics\vulkan\VulkanStudy\shared_sources\nvvk\appwindowprofiler_vk.hpp">
      <Filter>nvvk</Filter>
    </ClInclude>
    <ClInclude Include="G:\UnityGraphics\vulkan\VulkanStudy\shared_sources\nvvk\buffers_vk.hpp">
      <Filter>nvvk</Filter>
    </ClInclude>
    <ClInclude Include="G:\UnityGraphics\vulkan\VulkanStudy\shared_sources\nvvk\commands_vk.hpp">
      <Filter>nvvk</Filter>
    </ClInclude>
    <ClInclude Include="G:\UnityGraphics\vulkan\VulkanStudy\shared_sources\nvvk\context_vk.hpp">
      <Filter>nvvk</Filter>
    </ClInclude>
    <ClInclude Include="G:\UnityGraphics\vulkan\VulkanStudy\shared_sources\nvvk\debug_util_vk.hpp">
      <Filter>nvvk</Filter>
    </ClInclude>
    <ClInclude Include="G:\UnityGraphics\vulkan\VulkanStudy\shared_sources\nvvk\descriptorsets_vk.hpp">
      <Filter>nvvk</Filter>
    </ClInclude>
    <ClInclude Include="G:\UnityGraphics\vulkan\VulkanStudy\shared_sources\nvvk\error_vk.hpp">
      <Filter>nvvk</Filter>
    </ClInclude>
    <ClInclude Include="G:\UnityGraphics\vulkan\VulkanStudy\shared_sources\nvvk\extensions_vk.hpp">
      <Filter>nvvk</Filter>
    </ClInclude>
    <ClInclude Include="G:\UnityGraphics\vulkan\VulkanStudy\shared_sources\nvvk\gizmos_vk.hpp">
      <Filter>nvvk</Filter>
    </ClInclude>
    <ClInclude Include="G:\UnityGraphics\vulkan\VulkanStudy\shared_sources\nvvk\images_vk.hpp">
      <Filter>nvvk</Filter>
    </ClInclude>
    <ClInclude Include="G:\UnityGraphics\vulkan\VulkanStudy\shared_sources\nvvk\memorymanagement_vk.hpp">
      <Filter>nvvk</Filter>
    </ClInclude>
    <ClInclude Include="G:\UnityGraphics\vulkan\VulkanStudy\shared_sources\nvvk\memorymanagement_vkgl.hpp">
      <Filter>nvvk</Filter>
    </ClInclude>
    <ClInclude Include="G:\UnityGraphics\vulkan\VulkanStudy\shared_sources\nvvk\pipeline_vk.hpp">
      <Filter>nvvk</Filter>
    </ClInclude>
    <ClInclude Include="G:\UnityGraphics\vulkan\VulkanStudy\shared_sources\nvvk\profiler_vk.hpp">
      <Filter>nvvk</Filter>
    </ClInclude>
    <ClInclude Include="G:\UnityGraphics\vulkan\VulkanStudy\shared_sources\nvvk\raytraceKHR_vk.hpp">
      <Filter>nvvk</Filter>
    </ClInclude>
    <ClInclude Include="G:\UnityGraphics\vulkan\VulkanStudy\shared_sources\nvvk\raytraceNV_vk.hpp">
      <Filter>nvvk</Filter>
    </ClInclude>
    <ClInclude Include="G:\UnityGraphics\vulkan\VulkanStudy\shared_sources\nvvk\renderpasses_vk.hpp">
      <Filter>nvvk</Filter>
    </ClInclude>
    <ClInclude Include="G:\UnityGraphics\vulkan\VulkanStudy\shared_sources\nvvk\samplers_vk.hpp">
      <Filter>nvvk</Filter>
    </ClInclude>
    <ClInclude Include="G:\UnityGraphics\vulkan\VulkanStudy\shared_sources\nvvk\shadermodulemanager_vk.hpp">
      <Filter>nvvk</Filter>
    </ClInclude>
    <ClInclude Include="G:\UnityGraphics\vulkan\VulkanStudy\shared_sources\nvvk\shaders_vk.hpp">
      <Filter>nvvk</Filter>
    </ClInclude>
    <ClInclude Include="G:\UnityGraphics\vulkan\VulkanStudy\shared_sources\nvvk\structs_vk.hpp">
      <Filter>nvvk</Filter>
    </ClInclude>
    <ClInclude Include="G:\UnityGraphics\vulkan\VulkanStudy\shared_sources\nvvk\swapchain_vk.hpp">
      <Filter>nvvk</Filter>
    </ClInclude>
    <ClInclude Include="C:\VulkanSDK\1.2.162.0\Include\vulkan\vulkan.h">
      <Filter>Vulkan</Filter>
    </ClInclude>
    <ClInclude Include="G:\UnityGraphics\vulkan\VulkanStudy\vk_mini_path_tracer\cmake_build\shared_sources\CMakeFiles\shared_sources.dir\Debug\cmake_pch.hxx">
      <Filter>Precompile Header File</Filter>
    </ClInclude>
    <ClInclude Include="G:\UnityGraphics\vulkan\VulkanStudy\vk_mini_path_tracer\cmake_build\shared_sources\CMakeFiles\shared_sources.dir\Release\cmake_pch.hxx">
      <Filter>Precompile Header File</Filter>
    </ClInclude>
    <ClInclude Include="G:\UnityGraphics\vulkan\VulkanStudy\vk_mini_path_tracer\cmake_build\shared_sources\CMakeFiles\shared_sources.dir\MinSizeRel\cmake_pch.hxx">
      <Filter>Precompile Header File</Filter>
    </ClInclude>
    <ClInclude Include="G:\UnityGraphics\vulkan\VulkanStudy\vk_mini_path_tracer\cmake_build\shared_sources\CMakeFiles\shared_sources.dir\RelWithDebInfo\cmake_pch.hxx">
      <Filter>Precompile Header File</Filter>
    </ClInclude>
  </ItemGroup>
  <ItemGroup>
    <CustomBuild Include="G:\UnityGraphics\vulkan\VulkanStudy\shared_sources\CMakeLists.txt" />
  </ItemGroup>
  <ItemGroup>
    <Filter Include="Precompile Header File">
      <UniqueIdentifier>{26956253-FBD1-3D28-BAE4-42B8A1F9A519}</UniqueIdentifier>
    </Filter>
    <Filter Include="Source Files">
      <UniqueIdentifier>{3C7A3A22-EEAF-333E-94D4-A11CA3BA57CB}</UniqueIdentifier>
    </Filter>
    <Filter Include="Vulkan">
      <UniqueIdentifier>{9D529429-AE95-34DE-BF3B-3AE4E412A558}</UniqueIdentifier>
    </Filter>
    <Filter Include="fileformats">
      <UniqueIdentifier>{7DC545C9-0210-354A-B9F3-CA1D9AB58C09}</UniqueIdentifier>
    </Filter>
    <Filter Include="noise">
      <UniqueIdentifier>{582DDA50-16A5-3A2D-BE92-71F6E888CD02}</UniqueIdentifier>
    </Filter>
    <Filter Include="nvh">
      <UniqueIdentifier>{E0224952-0068-34A2-BDCE-6E80134185E4}</UniqueIdentifier>
    </Filter>
    <Filter Include="nvmath">
      <UniqueIdentifier>{C09300E9-796F-36DF-986D-24D3028F7EC3}</UniqueIdentifier>
    </Filter>
    <Filter Include="nvp">
      <UniqueIdentifier>{384F8884-20CC-3189-857F-2B7C3B57ABC9}</UniqueIdentifier>
    </Filter>
    <Filter Include="nvvk">
      <UniqueIdentifier>{FF1B6B6A-B7A4-3CDB-8089-49CE78B62F71}</UniqueIdentifier>
    </Filter>
  </ItemGroup>
</Project>
