
Microsoft Visual Studio Solution File, Format Version 12.00
# Visual Studio Version 16
Project("{8BC9CEB8-8B4A-11D0-8D11-00A0C91BC942}") = "ALL_BUILD", "ALL_BUILD.vcxproj", "{B4A892DA-D10D-380E-A3D3-837F24C6D3D2}"
	ProjectSection(ProjectDependencies) = postProject
		{9B9B61D9-CCDC-37DE-B607-93B48C61EB1E} = {9B9B61D9-CCDC-37DE-B607-93B48C61EB1E}
		{BC8174B5-3121-397C-8594-1998A579F30A} = {BC8174B5-3121-397C-8594-1998A579F30A}
	EndProjectSection
EndProject
Project("{8BC9CEB8-8B4A-11D0-8D11-00A0C91BC942}") = "INSTALL", "INSTALL.vcxproj", "{CB80BDE0-3BD6-3F01-8E58-5AB20AA2CD6B}"
	ProjectSection(ProjectDependencies) = postProject
		{B4A892DA-D10D-380E-A3D3-837F24C6D3D2} = {B4A892DA-D10D-380E-A3D3-837F24C6D3D2}
		{9B9B61D9-CCDC-37DE-B607-93B48C61EB1E} = {9B9B61D9-CCDC-37DE-B607-93B48C61EB1E}
	EndProjectSection
EndProject
Project("{8BC9CEB8-8B4A-11D0-8D11-00A0C91BC942}") = "ZERO_CHECK", "..\..\\ZERO_CHECK.vcxproj", "{9B9B61D9-CCDC-37DE-B607-93B48C61EB1E}"
	ProjectSection(ProjectDependencies) = postProject
	EndProjectSection
EndProject
Project("{8BC9CEB8-8B4A-11D0-8D11-00A0C91BC942}") = "shared_sources", "..\..\shared_sources\shared_sources.vcxproj", "{7A7533D8-19E1-3731-9046-CA56ED54C778}"
	ProjectSection(ProjectDependencies) = postProject
		{9B9B61D9-CCDC-37DE-B607-93B48C61EB1E} = {9B9B61D9-CCDC-37DE-B607-93B48C61EB1E}
	EndProjectSection
EndProject
Project("{8BC9CEB8-8B4A-11D0-8D11-00A0C91BC942}") = "vk_mini_path_tracer_e6_more_samples", "vk_mini_path_tracer_e6_more_samples.vcxproj", "{BC8174B5-3121-397C-8594-1998A579F30A}"
	ProjectSection(ProjectDependencies) = postProject
		{9B9B61D9-CCDC-37DE-B607-93B48C61EB1E} = {9B9B61D9-CCDC-37DE-B607-93B48C61EB1E}
		{7A7533D8-19E1-3731-9046-CA56ED54C778} = {7A7533D8-19E1-3731-9046-CA56ED54C778}
	EndProjectSection
EndProject
Global
	GlobalSection(SolutionConfigurationPlatforms) = preSolution
		Debug|x64 = Debug|x64
		Release|x64 = Release|x64
		MinSizeRel|x64 = MinSizeRel|x64
		RelWithDebInfo|x64 = RelWithDebInfo|x64
	EndGlobalSection
	GlobalSection(ProjectConfigurationPlatforms) = postSolution
		{B4A892DA-D10D-380E-A3D3-837F24C6D3D2}.Debug|x64.ActiveCfg = Debug|x64
		{B4A892DA-D10D-380E-A3D3-837F24C6D3D2}.Debug|x64.Build.0 = Debug|x64
		{B4A892DA-D10D-380E-A3D3-837F24C6D3D2}.Release|x64.ActiveCfg = Release|x64
		{B4A892DA-D10D-380E-A3D3-837F24C6D3D2}.Release|x64.Build.0 = Release|x64
		{B4A892DA-D10D-380E-A3D3-837F24C6D3D2}.MinSizeRel|x64.ActiveCfg = MinSizeRel|x64
		{B4A892DA-D10D-380E-A3D3-837F24C6D3D2}.MinSizeRel|x64.Build.0 = MinSizeRel|x64
		{B4A892DA-D10D-380E-A3D3-837F24C6D3D2}.RelWithDebInfo|x64.ActiveCfg = RelWithDebInfo|x64
		{B4A892DA-D10D-380E-A3D3-837F24C6D3D2}.RelWithDebInfo|x64.Build.0 = RelWithDebInfo|x64
		{CB80BDE0-3BD6-3F01-8E58-5AB20AA2CD6B}.Debug|x64.ActiveCfg = Debug|x64
		{CB80BDE0-3BD6-3F01-8E58-5AB20AA2CD6B}.Release|x64.ActiveCfg = Release|x64
		{CB80BDE0-3BD6-3F01-8E58-5AB20AA2CD6B}.MinSizeRel|x64.ActiveCfg = MinSizeRel|x64
		{CB80BDE0-3BD6-3F01-8E58-5AB20AA2CD6B}.RelWithDebInfo|x64.ActiveCfg = RelWithDebInfo|x64
		{9B9B61D9-CCDC-37DE-B607-93B48C61EB1E}.Debug|x64.ActiveCfg = Debug|x64
		{9B9B61D9-CCDC-37DE-B607-93B48C61EB1E}.Debug|x64.Build.0 = Debug|x64
		{9B9B61D9-CCDC-37DE-B607-93B48C61EB1E}.Release|x64.ActiveCfg = Release|x64
		{9B9B61D9-CCDC-37DE-B607-93B48C61EB1E}.Release|x64.Build.0 = Release|x64
		{9B9B61D9-CCDC-37DE-B607-93B48C61EB1E}.MinSizeRel|x64.ActiveCfg = MinSizeRel|x64
		{9B9B61D9-CCDC-37DE-B607-93B48C61EB1E}.MinSizeRel|x64.Build.0 = MinSizeRel|x64
		{9B9B61D9-CCDC-37DE-B607-93B48C61EB1E}.RelWithDebInfo|x64.ActiveCfg = RelWithDebInfo|x64
		{9B9B61D9-CCDC-37DE-B607-93B48C61EB1E}.RelWithDebInfo|x64.Build.0 = RelWithDebInfo|x64
		{7A7533D8-19E1-3731-9046-CA56ED54C778}.Debug|x64.ActiveCfg = Debug|x64
		{7A7533D8-19E1-3731-9046-CA56ED54C778}.Debug|x64.Build.0 = Debug|x64
		{7A7533D8-19E1-3731-9046-CA56ED54C778}.Release|x64.ActiveCfg = Release|x64
		{7A7533D8-19E1-3731-9046-CA56ED54C778}.Release|x64.Build.0 = Release|x64
		{7A7533D8-19E1-3731-9046-CA56ED54C778}.MinSizeRel|x64.ActiveCfg = MinSizeRel|x64
		{7A7533D8-19E1-3731-9046-CA56ED54C778}.MinSizeRel|x64.Build.0 = MinSizeRel|x64
		{7A7533D8-19E1-3731-9046-CA56ED54C778}.RelWithDebInfo|x64.ActiveCfg = RelWithDebInfo|x64
		{7A7533D8-19E1-3731-9046-CA56ED54C778}.RelWithDebInfo|x64.Build.0 = RelWithDebInfo|x64
		{BC8174B5-3121-397C-8594-1998A579F30A}.Debug|x64.ActiveCfg = Debug|x64
		{BC8174B5-3121-397C-8594-1998A579F30A}.Debug|x64.Build.0 = Debug|x64
		{BC8174B5-3121-397C-8594-1998A579F30A}.Release|x64.ActiveCfg = Release|x64
		{BC8174B5-3121-397C-8594-1998A579F30A}.Release|x64.Build.0 = Release|x64
		{BC8174B5-3121-397C-8594-1998A579F30A}.MinSizeRel|x64.ActiveCfg = MinSizeRel|x64
		{BC8174B5-3121-397C-8594-1998A579F30A}.MinSizeRel|x64.Build.0 = MinSizeRel|x64
		{BC8174B5-3121-397C-8594-1998A579F30A}.RelWithDebInfo|x64.ActiveCfg = RelWithDebInfo|x64
		{BC8174B5-3121-397C-8594-1998A579F30A}.RelWithDebInfo|x64.Build.0 = RelWithDebInfo|x64
	EndGlobalSection
	GlobalSection(ExtensibilityGlobals) = postSolution
		SolutionGuid = {7E7C3851-D959-3F9E-B056-F9A23F606226}
	EndGlobalSection
	GlobalSection(ExtensibilityAddIns) = postSolution
	EndGlobalSection
EndGlobal
