<?xml version="1.0" encoding="utf-8"?>
<Project ToolsVersion="16.0" xmlns="http://schemas.microsoft.com/developer/msbuild/2003">
  <ItemGroup>
    <ClCompile Include="G:\UnityGraphics\vulkan\vk_mini_path_tracer\checkpoints\e11_rt_pipeline_2\main.cpp">
      <Filter>Source Files</Filter>
    </ClCompile>
  </ItemGroup>
  <ItemGroup>
    <ClInclude Include="G:\UnityGraphics\vulkan\vk_mini_path_tracer\checkpoints\e11_rt_pipeline_2\common.h">
      <Filter>Source Files</Filter>
    </ClInclude>
    <ClInclude Include="G:\UnityGraphics\vulkan\vk_mini_path_tracer\checkpoints\e11_rt_pipeline_2\shaders\closestHitCommon.h">
      <Filter>Shader Files</Filter>
    </ClInclude>
    <ClInclude Include="G:\UnityGraphics\vulkan\vk_mini_path_tracer\checkpoints\e11_rt_pipeline_2\shaders\shaderCommon.h">
      <Filter>Shader Files</Filter>
    </ClInclude>
  </ItemGroup>
  <ItemGroup>
    <CustomBuild Include="G:\UnityGraphics\vulkan\vk_mini_path_tracer\checkpoints\e11_rt_pipeline_2\shaders\material0.rchit.glsl">
      <Filter>Shader Files</Filter>
    </CustomBuild>
    <CustomBuild Include="G:\UnityGraphics\vulkan\vk_mini_path_tracer\checkpoints\e11_rt_pipeline_2\shaders\raytrace.rgen.glsl">
      <Filter>Shader Files</Filter>
    </CustomBuild>
    <CustomBuild Include="G:\UnityGraphics\vulkan\vk_mini_path_tracer\checkpoints\e11_rt_pipeline_2\shaders\raytrace.rmiss.glsl">
      <Filter>Shader Files</Filter>
    </CustomBuild>
    <CustomBuild Include="G:\UnityGraphics\vulkan\vk_mini_path_tracer\checkpoints\e11_rt_pipeline_2\CMakeLists.txt" />
  </ItemGroup>
  <ItemGroup>
    <Filter Include="Shader Files">
      <UniqueIdentifier>{172EA786-C97E-3A1E-B61E-E8CC61303D92}</UniqueIdentifier>
    </Filter>
    <Filter Include="Source Files">
      <UniqueIdentifier>{96BF58D7-28C9-39ED-9541-0270AE2A994D}</UniqueIdentifier>
    </Filter>
  </ItemGroup>
</Project>
